{
  "name": "ha-xsense-component-maintenance",
  "lockfileVersion": 3,
  "requires": true,
  "packages": {
    "": {
      "name": "ha-xsense-component-maintenance",
      "devDependencies": {
        "hls.js": "1.7.3"
      }
    },
    "node_modules/hls.js": {
      "version": "1.7.3",
      "resolved": "https://registry.npmjs.org/hls.js/-/hls.js-1.7.3.tgz",
      "integrity": "sha512-MsPlx6yVW4Qv4C7mEVou4/gk/5cN2dVxOTnrNjPSmyH2f0Ln+/UkG10Ax1PE6OvrmTVPKgQYozTtBaPOuCzq7A==",
      "dev": true,
      "license": "Apache-2.0"
    }
  }
}
